
Microsoft Visual Studio Solution File, Format Version 12.00
# Visual Studio 14
VisualStudioVersion = 14.0.25123.0
MinimumVisualStudioVersion = 10.0.40219.1
Project("{670FC654-C283-4BF5-AD80-B18AE707CEBA}") = "Sitecore.Support.202384", "Sitecore.Support.202384\Sitecore.Support.202384.csproj", "{437CD5F2-EED3-4D99-9C1D-E6AD317BA03B}"
EndProject
Global
	GlobalSection(SolutionConfigurationPlatforms) = preSolution
		Debug|Any CPU = Debug|Any CPU
		Release|Any CPU = Release|Any CPU
	EndGlobalSection
	GlobalSection(ProjectConfigurationPlatforms) = postSolution
		{437CD5F2-EED3-4D99-9C1D-E6AD317BA03B}.Debug|Any CPU.ActiveCfg = Debug|Any CPU
		{437CD5F2-EED3-4D99-9C1D-E6AD317BA03B}.Debug|Any CPU.Build.0 = Debug|Any CPU
		{437CD5F2-EED3-4D99-9C1D-E6AD317BA03B}.Release|Any CPU.ActiveCfg = Release|Any CPU
		{437CD5F2-EED3-4D99-9C1D-E6AD317BA03B}.Release|Any CPU.Build.0 = Release|Any CPU
	EndGlobalSection
	GlobalSection(SolutionProperties) = preSolution
		HideSolutionNode = FALSE
	EndGlobalSection
EndGlobal
